
Microsoft Visual Studio Solution File, Format Version 12.00
# Visual Studio Version 17
VisualStudioVersion = 17.13.35825.156 d17.13
MinimumVisualStudioVersion = 10.0.40219.1
Project("{FAE04EC0-301F-11D3-BF4B-00C04F79EFBC}") = "Disaster_Prediction_And_Alert_System_API", "Disaster_Prediction_And_Alert_System_API.csproj", "{CCEEFCDF-24B8-4A4C-837B-6A7AF77F1CA3}"
EndProject
Global
	GlobalSection(SolutionConfigurationPlatforms) = preSolution
		Debug|Any CPU = Debug|Any CPU
		Release|Any CPU = Release|Any CPU
	EndGlobalSection
	GlobalSection(ProjectConfigurationPlatforms) = postSolution
		{CCEEFCDF-24B8-4A4C-837B-6A7AF77F1CA3}.Debug|Any CPU.ActiveCfg = Debug|Any CPU
		{CCEEFCDF-24B8-4A4C-837B-6A7AF77F1CA3}.Debug|Any CPU.Build.0 = Debug|Any CPU
		{CCEEFCDF-24B8-4A4C-837B-6A7AF77F1CA3}.Release|Any CPU.ActiveCfg = Release|Any CPU
		{CCEEFCDF-24B8-4A4C-837B-6A7AF77F1CA3}.Release|Any CPU.Build.0 = Release|Any CPU
	EndGlobalSection
	GlobalSection(SolutionProperties) = preSolution
		HideSolutionNode = FALSE
	EndGlobalSection
	GlobalSection(ExtensibilityGlobals) = postSolution
		SolutionGuid = {7721B2D2-19DF-4FB7-A099-71530CF3307D}
	EndGlobalSection
EndGlobal
